
Microsoft Visual Studio Solution File, Format Version 12.00
# Visual Studio Version 16
VisualStudioVersion = 16.0.31702.278
MinimumVisualStudioVersion = 10.0.40219.1
Project("{FAE04EC0-301F-11D3-BF4B-00C04F79EFBC}") = "ConstrutoresProduto", "ConstrutoresProduto\ConstrutoresProduto.csproj", "{EE44E347-3F92-4FE8-AED8-823FD0B4D528}"
EndProject
Global
	GlobalSection(SolutionConfigurationPlatforms) = preSolution
		Debug|Any CPU = Debug|Any CPU
		Release|Any CPU = Release|Any CPU
	EndGlobalSection
	GlobalSection(ProjectConfigurationPlatforms) = postSolution
		{EE44E347-3F92-4FE8-AED8-823FD0B4D528}.Debug|Any CPU.ActiveCfg = Debug|Any CPU
		{EE44E347-3F92-4FE8-AED8-823FD0B4D528}.Debug|Any CPU.Build.0 = Debug|Any CPU
		{EE44E347-3F92-4FE8-AED8-823FD0B4D528}.Release|Any CPU.ActiveCfg = Release|Any CPU
		{EE44E347-3F92-4FE8-AED8-823FD0B4D528}.Release|Any CPU.Build.0 = Release|Any CPU
	EndGlobalSection
	GlobalSection(SolutionProperties) = preSolution
		HideSolutionNode = FALSE
	EndGlobalSection
	GlobalSection(ExtensibilityGlobals) = postSolution
		SolutionGuid = {B9D867E9-35B1-49B0-B1BA-9BD64805DD9E}
	EndGlobalSection
EndGlobal
