
Microsoft Visual Studio Solution File, Format Version 12.00
# Visual Studio Version 16
VisualStudioVersion = 16.0.31702.278
MinimumVisualStudioVersion = 10.0.40219.1
Project("{FAE04EC0-301F-11D3-BF4B-00C04F79EFBC}") = "CotacaoDolar", "CotacaoDolar\CotacaoDolar.csproj", "{EE844A3A-3247-4916-9F8C-243E310CF700}"
EndProject
Global
	GlobalSection(SolutionConfigurationPlatforms) = preSolution
		Debug|Any CPU = Debug|Any CPU
		Release|Any CPU = Release|Any CPU
	EndGlobalSection
	GlobalSection(ProjectConfigurationPlatforms) = postSolution
		{EE844A3A-3247-4916-9F8C-243E310CF700}.Debug|Any CPU.ActiveCfg = Debug|Any CPU
		{EE844A3A-3247-4916-9F8C-243E310CF700}.Debug|Any CPU.Build.0 = Debug|Any CPU
		{EE844A3A-3247-4916-9F8C-243E310CF700}.Release|Any CPU.ActiveCfg = Release|Any CPU
		{EE844A3A-3247-4916-9F8C-243E310CF700}.Release|Any CPU.Build.0 = Release|Any CPU
	EndGlobalSection
	GlobalSection(SolutionProperties) = preSolution
		HideSolutionNode = FALSE
	EndGlobalSection
	GlobalSection(ExtensibilityGlobals) = postSolution
		SolutionGuid = {EB5B4A42-F5FF-4BF3-928B-8458397C5F43}
	EndGlobalSection
EndGlobal
