
Microsoft Visual Studio Solution File, Format Version 12.00
# Visual Studio Version 16
VisualStudioVersion = 16.0.31702.278
MinimumVisualStudioVersion = 10.0.40219.1
Project("{FAE04EC0-301F-11D3-BF4B-00C04F79EFBC}") = "AprovacaoAluno", "AprovacaoAluno\AprovacaoAluno.csproj", "{D6A032DC-F1F1-4BBC-87C3-6BAF7E804FEE}"
EndProject
Global
	GlobalSection(SolutionConfigurationPlatforms) = preSolution
		Debug|Any CPU = Debug|Any CPU
		Release|Any CPU = Release|Any CPU
	EndGlobalSection
	GlobalSection(ProjectConfigurationPlatforms) = postSolution
		{D6A032DC-F1F1-4BBC-87C3-6BAF7E804FEE}.Debug|Any CPU.ActiveCfg = Debug|Any CPU
		{D6A032DC-F1F1-4BBC-87C3-6BAF7E804FEE}.Debug|Any CPU.Build.0 = Debug|Any CPU
		{D6A032DC-F1F1-4BBC-87C3-6BAF7E804FEE}.Release|Any CPU.ActiveCfg = Release|Any CPU
		{D6A032DC-F1F1-4BBC-87C3-6BAF7E804FEE}.Release|Any CPU.Build.0 = Release|Any CPU
	EndGlobalSection
	GlobalSection(SolutionProperties) = preSolution
		HideSolutionNode = FALSE
	EndGlobalSection
	GlobalSection(ExtensibilityGlobals) = postSolution
		SolutionGuid = {2942BE53-4361-404D-BE3C-AE0E0A92A5DB}
	EndGlobalSection
EndGlobal
