
Microsoft Visual Studio Solution File, Format Version 12.00
# Visual Studio Version 16
VisualStudioVersion = 16.0.31702.278
MinimumVisualStudioVersion = 10.0.40219.1
Project("{FAE04EC0-301F-11D3-BF4B-00C04F79EFBC}") = "Triangulo", "Triangulo\Triangulo.csproj", "{6931547A-AC26-4F89-9E49-85392B3D3544}"
EndProject
Global
	GlobalSection(SolutionConfigurationPlatforms) = preSolution
		Debug|Any CPU = Debug|Any CPU
		Release|Any CPU = Release|Any CPU
	EndGlobalSection
	GlobalSection(ProjectConfigurationPlatforms) = postSolution
		{6931547A-AC26-4F89-9E49-85392B3D3544}.Debug|Any CPU.ActiveCfg = Debug|Any CPU
		{6931547A-AC26-4F89-9E49-85392B3D3544}.Debug|Any CPU.Build.0 = Debug|Any CPU
		{6931547A-AC26-4F89-9E49-85392B3D3544}.Release|Any CPU.ActiveCfg = Release|Any CPU
		{6931547A-AC26-4F89-9E49-85392B3D3544}.Release|Any CPU.Build.0 = Release|Any CPU
	EndGlobalSection
	GlobalSection(SolutionProperties) = preSolution
		HideSolutionNode = FALSE
	EndGlobalSection
	GlobalSection(ExtensibilityGlobals) = postSolution
		SolutionGuid = {18C32567-8D09-4158-A5C8-64F3D21357CD}
	EndGlobalSection
EndGlobal
